{
    "_meta": {
        "hash": {
            "sha256": "3f72e06239b8db0a2b14aeb8eea2d6f1f281b9f7f5558f72fc95a2752e00b1a1"
        },
        "pipfile-spec": 6,
        "requires": {},
        "sources": [
            {
                "url": "https://pypi.python.org/simple",
                "verify_ssl": true
            }
        ]
    },
    "default": {
        "absl-py": {
            "hashes": [
                "sha256:565a2c1be855e466e697e1be6b9876c2435dda926954d1de4abf0d592561ece8",
                "sha256:eb0383bd431c0d7b2320179904cab00120a10977e3c9671d99efbbed17efb55a"
            ],
            "version": "==0.14.1"
        },
        "astor": {
            "hashes": [
                "sha256:070a54e890cefb5b3739d19f30f5a5ec840ffc9c50ffa7d23cc9fc1a38ebbfc5",
                "sha256:6a6effda93f4e1ce9f618779b2dd1d9d84f1e32812c23a29b3fff6fd7f63fa5e"
            ],
            "markers": "python_version >= '2.7' and python_version not in '3.0, 3.1, 3.2, 3.3'",
            "version": "==0.8.1"
        },
        "cached-property": {
            "hashes": [
                "sha256:9fa5755838eecbb2d234c3aa390bd80fbd3ac6b6869109bfc1b499f7bd89a130",
                "sha256:df4f613cf7ad9a588cc381aaf4a512d26265ecebd5eb9e1ba12f1319eb85a6a0"
            ],
            "markers": "python_version < '3.8'",
            "version": "==1.5.2"
        },
        "gast": {
            "hashes": [
                "sha256:fe939df4583692f0512161ec1c880e0a10e71e6a232da045ab8edd3756fbadf0"
            ],
            "version": "==0.2.2"
        },
        "google-pasta": {
            "hashes": [
                "sha256:4612951da876b1a10fe3960d7226f0c7682cf901e16ac06e473b267a5afa8954",
                "sha256:b32482794a366b5366a32c92a9a9201b107821889935a02b3e51f6b432ea84ed",
                "sha256:c9f2c8dfc8f96d0d5808299920721be30c9eec37f2389f28904f454565c8a16e"
            ],
            "version": "==0.2.0"
        },
        "grpcio": {
            "hashes": [
                "sha256:056806e83eaa09d0af0e452dd353db8f7c90aa2dedcce1112a2d21592550f6b1",
                "sha256:07594e585a5ba25cf331ddb63095ca51010c34e328a822cb772ffbd5daa62cb5",
                "sha256:0abd56d90dff3ed566807520de1385126dded21e62d3490a34c180a91f94c1f4",
                "sha256:15c04d695833c739dbb25c88eaf6abd9a461ec0dbd32f44bc8769335a495cf5a",
                "sha256:1820845e7e6410240eff97742e9f76cd5bf10ca01d36a322e86c0bd5340ac25b",
                "sha256:1bcbeac764bbae329bc2cc9e95d0f4d3b0fb456b92cf12e7e06e3e860a4b31cf",
                "sha256:2410000eb57cf76b05b37d2aee270b686f0a7876710850a2bba92b4ed133e026",
                "sha256:2882b62f74de8c8a4f7b2be066f6230ecc46f4edc8f42db1fb7358200abe3b25",
                "sha256:297ee755d3c6cd7e7d3770f298f4d4d4b000665943ae6d2888f7407418a9a510",
                "sha256:39ce785f0cbd07966a9019386b7a054615b2da63da3c7727f371304d000a1890",
                "sha256:3a92e4df5330cd384984e04804104ae34f521345917813aa86fc0930101a3697",
                "sha256:3bbeee115b05b22f6a9fa9bc78f9ab8d9d6bb8c16fdfc60401fc8658beae1099",
                "sha256:4537bb9e35af62c5189493792a8c34d127275a6d175c8ad48b6314cacba4021e",
                "sha256:462178987f0e5c60d6d1b79e4e95803a4cd789db961d6b3f087245906bb5ae04",
                "sha256:5292a627b44b6d3065de4a364ead23bab3c9d7a7c05416a9de0c0624d0fe03f4",
                "sha256:5502832b7cec670a880764f51a335a19b10ff5ab2e940e1ded67f39b88aa02b1",
                "sha256:585847ed190ea9cb4d632eb0ebf58f1d299bbca5e03284bc3d0fa08bab6ea365",
                "sha256:59645b2d9f19b5ff30cb46ddbcaa09c398f9cd81e4e476b21c7c55ae1e942807",
                "sha256:5d4b30d068b022e412adcf9b14c0d9bcbc872e9745b91467edc0a4c700a8bba6",
                "sha256:7033199706526e7ee06a362e38476dfdf2ddbad625c19b67ed30411d1bb25a18",
                "sha256:7b07cbbd4eea56738e995fcbba3b60e41fd9aa9dac937fb7985c5dcbc7626260",
                "sha256:7da3f6f6b857399c9ad85bcbffc83189e547a0a1a777ab68f5385154f8bc1ed4",
                "sha256:83c1e731c2b76f26689ad88534cafefe105dcf385567bead08f5857cb308246b",
                "sha256:9674a9d3f23702e35a89e22504f41b467893cf704f627cc9cdd118cf1dcc8e26",
                "sha256:9ecd0fc34aa46eeac24f4d20e67bafaf72ca914f99690bf2898674905eaddaf9",
                "sha256:a0c4bdd1d646365d10ba1468bcf234ea5ad46e8ce2b115983e8563248614910a",
                "sha256:a144f6cecbb61aace12e5920840338a3d246123a41d795e316e2792e9775ad15",
                "sha256:a3cd7f945d3e3b82ebd2a4c9862eb9891a5ac87f84a7db336acbeafd86e6c402",
                "sha256:a614224719579044bd7950554d3b4c1793bb5715cbf0f0399b1f21d283c40ef6",
                "sha256:ace080a9c3c673c42adfd2116875a63fec9613797be01a6105acf7721ed0c693",
                "sha256:b2de4e7b5a930be04a4d05c9f5fce7e9191217ccdc174b026c2a7928770dca9f",
                "sha256:b6b68c444abbaf4a2b944a61cf35726ab9645f45d416bcc7cf4addc4b2f2d53d",
                "sha256:be3c6ac822edb509aeef41361ca9c8c5ee52cb9e4973e1977d2bb7d6a460fd97",
                "sha256:c07acd49541f5f6f9984fe0adf162d77bf70e0f58e77f9960c6f571314ff63a4",
                "sha256:c1e0a4c86d4cbd93059d5eeceed6e1c2e3e1494e1bf40be9b8ab14302c576162",
                "sha256:c8c5bc498f6506b6041c30afb7a55c57a9fd535d1a0ac7cdba9b5fd791a85633",
                "sha256:c95dd6e60e059ff770a2ac9f5a202b75dd64d76b0cd0c48f27d58907e43ed6a6",
                "sha256:ccd2f1cf11768d1f6fbe4e13e8b8fb0ccfe9914ceeff55a367d5571e82eeb543",
                "sha256:d0cc0393744ce3ce1b237ae773635cc928470ff46fb0d3f677e337a38e5ed4f6",
                "sha256:d539ebd05a2bbfbf897d41738d37d162d5c3d9f2b1f8ddf2c4f75e2c9cf59907",
                "sha256:d71aa430b2ac40e18e388504ac34cc91d49d811855ca507c463a21059bf364f0",
                "sha256:dcb5f324712a104aca4a459e524e535f205f36deb8005feb4f9d3ff0a22b5177",
                "sha256:e516124010ef60d5fc2e0de0f1f987599249dc55fd529001f17f776a4145767f",
                "sha256:fb64abf0d92134cb0ba4496a3b7ab918588eee42de20e5b3507fe6ee16db97ee"
            ],
            "version": "==1.41.0"
        },
        "h5py": {
            "hashes": [
                "sha256:0b0f002f5f341afe7d3d7e15198e80d9021da24a4d182d88068d79bfc91fba86",
                "sha256:1edf33e722d47c6eb3878d51173b23dd848939f006f41b498bafceff87fb4cbd",
                "sha256:46917f20021dde02865572a5fd2bb620945f7b7cd268bdc8e3f5720c32b38140",
                "sha256:708ddff49af12c01d77e0f9782bb1a0364d96459ec0d1f85d90baea6d203764b",
                "sha256:8745e5159830d7975a9cf38690455f22601509cda04de29b7e88b3fbdc747611",
                "sha256:8e809149f95d9a3a33b1279bfbf894c78635a5497e8d5ac37420fa5ec0cf4f29",
                "sha256:aa511bd05a9174c3008becdc93bd5785e254d34a6ab5f0425e6b2fbbc88afa6d",
                "sha256:bb4ce46095e3b16c872aaf62adad33f40039fecae04674eb62c035386affcb91",
                "sha256:be2a545f09074546f73305e0db6d36aaf1fb6ea2fcf1add2ce306b9c7f78e55a",
                "sha256:ee1c683d91ab010d5e85cb61e8f9e7ee0d8eab545bf3dd50a9618f1d0e8f615e"
            ],
            "markers": "python_version >= '3.7'",
            "version": "==3.4.0"
        },
        "importlib-metadata": {
            "hashes": [
                "sha256:b618b6d2d5ffa2f16add5697cf57a46c76a56229b0ed1c438322e4e95645bd15",
                "sha256:f284b3e11256ad1e5d03ab86bb2ccd6f5339688ff17a4d797a0fe7df326f23b1"
            ],
            "markers": "python_version < '3.8'",
            "version": "==4.8.1"
        },
        "keras-applications": {
            "hashes": [
                "sha256:5579f9a12bcde9748f4a12233925a59b93b73ae6947409ff34aa2ba258189fe5",
                "sha256:df4323692b8c1174af821bf906f1e442e63fa7589bf0f1230a0b6bdc5a810c95"
            ],
            "version": "==1.0.8"
        },
        "keras-preprocessing": {
            "hashes": [
                "sha256:7b82029b130ff61cc99b55f3bd27427df4838576838c5b2f65940e4fcec99a7b",
                "sha256:add82567c50c8bc648c14195bf544a5ce7c1f76761536956c3d2978970179ef3"
            ],
            "version": "==1.1.2"
        },
        "markdown": {
            "hashes": [
                "sha256:31b5b491868dcc87d6c24b7e3d19a0d730d59d3e46f4eea6430a321bed387a49",
                "sha256:96c3ba1261de2f7547b46a00ea8463832c921d3f9d6aba3f255a6f71386db20c"
            ],
            "markers": "python_version >= '3.6'",
            "version": "==3.3.4"
        },
        "numpy": {
            "hashes": [
                "sha256:05dbfe72684cc14b92568de1bc1f41e5f62b00f714afc9adee42f6311738091f",
                "sha256:0d82cb7271a577529d07bbb05cb58675f2deb09772175fab96dc8de025d8ac05",
                "sha256:10132aa1fef99adc85a905d82e8497a580f83739837d7cbd234649f2e9b9dc58",
                "sha256:12322df2e21f033a60c80319c25011194cd2a21294cc66fee0908aeae2c27832",
                "sha256:16f19b3aa775dddc9814e02a46b8e6ae6a54ed8cf143962b4e53f0471dbd7b16",
                "sha256:3d0b0989dd2d066db006158de7220802899a1e5c8cf622abe2d0bd158fd01c2c",
                "sha256:438a3f0e7b681642898fd7993d38e2bf140a2d1eafaf3e89bb626db7f50db355",
                "sha256:5fd214f482ab53f2cea57414c5fb3e58895b17df6e6f5bca5be6a0bb6aea23bb",
                "sha256:73615d3edc84dd7c4aeb212fa3748fb83217e00d201875a47327f55363cef2df",
                "sha256:7bd355ad7496f4ce1d235e9814ec81ee3d28308d591c067ce92e49f745ba2c2f",
                "sha256:7d077f2976b8f3de08a0dcf5d72083f4af5411e8fddacd662aae27baa2601196",
                "sha256:a4092682778dc48093e8bda8d26ee8360153e2047826f95a3f5eae09f0ae3abf",
                "sha256:b458de8624c9f6034af492372eb2fee41a8e605f03f4732f43fc099e227858b2",
                "sha256:e70fc8ff03a961f13363c2c95ef8285e0cf6a720f8271836f852cc0fa64e97c8",
                "sha256:ee8e9d7cad5fe6dde50ede0d2e978d81eafeaa6233fb0b8719f60214cf226578",
                "sha256:f4a4f6aba148858a5a5d546a99280f71f5ee6ec8182a7d195af1a914195b21a2"
            ],
            "version": "==1.17.2"
        },
        "opencv-python": {
            "hashes": [
                "sha256:0f2e739c582e8c5e432130648bc6d66a56bc65f4cd9ff0bc7033033d2130c7a3",
                "sha256:0f3d159ad6cb9cbd188c726f87485f0799a067a0a15f34c25d7b5c8db3cb2e50",
                "sha256:167a6aff9bd124a3a67e0ec25d0da5ecdc8d96a56405e3e5e7d586c4105eb1bb",
                "sha256:1b90d50bc7a31e9573a8da1b80fcd1e4d9c86c0e5f76387858e1b87eb8b0332b",
                "sha256:2baf1213ae2fd678991f905d7b2b94eddfdfb5f75757db0f0b31eebd48ca200d",
                "sha256:312dda54c7e809c20d7409418060ae0e9cdbe82975e7ced429eb3c234ffc0d4a",
                "sha256:32384e675f7cefe707cac40a95eeb142d6869065e39c5500374116297cd8ca6d",
                "sha256:5c50634dd8f2f866fd99fd939292ce10e52bef82804ebc4e7f915221c3b7e951",
                "sha256:6841bb9cc24751dbdf94e7eefc4e6d70ec297952501954471299fd12ab67391c",
                "sha256:68c1c846dd267cd7e293d3fc0bb238db0a744aa1f2e721e327598f00cb982098",
                "sha256:703910aaa1dcd25a412f78a190fb7a352d9a64ee7d9a35566d786f3cc66ebf20",
                "sha256:8002959146ed21959e3118c60c8e94ceac02eea15b691da6c62cff4787c63f7f",
                "sha256:889eef049d38488b5b4646c48a831feed37c0fd44f3d83c05cff80f4baded145",
                "sha256:8c76983c9ec3e4cf3a4c1d172ec4285332d9fb1c7194d724aff0c518437471ee",
                "sha256:9cd9bd72f4a9743ef6f11f0f96784bd215a542e996db1717d4c2d3d03eb81a1b",
                "sha256:a1a5517301dc8d56243a14253d231ec755b94486b4fff2ae68269bc941bb1f2e",
                "sha256:a2b08aec2eacae868723136383d9eb84a33062a7a7ec5ec3bd2c423bd1355946",
                "sha256:a8529a79233f3581a66984acd16bce52ab0163f6f77568dd69e9ee4956d2e1db",
                "sha256:afbc81a3870739610a9f9a1197374d6a45892cf1933c90fc5617d39790991ed3",
                "sha256:baeb5dd8b21c718580687f5b4efd03f8139b1c56239cdf6b9805c6946e80f268",
                "sha256:db1d49b753e6e6c76585f21d09c7e9812176732baa9bddb64bc2fc6cd24d4179",
                "sha256:e242ed419aeb2488e0f9ee6410a34917f0f8d62b3ae96aa3170d83bae75004e2",
                "sha256:e36a8857be2c849e54009f1bee25e8c34fbc683fcd38c6c700af4cba5f8d57c2",
                "sha256:e699232fd033ef0053efec2cba0a7505514f374ba7b18c732a77cb5304311ef9",
                "sha256:eae3da9231d87980f8082d181c276a04f7a6fdac130cebd467390b96dd05f944",
                "sha256:ee6814c94dbf1cae569302afef9dd29efafc52373e8770ded0db549a3b6e0c00",
                "sha256:f01a87a015227d8af407161eb48222fc3c8b01661cdc841e2b86eee4f1a7a417"
            ],
            "version": "==4.2.0.32"
        },
        "opt-einsum": {
            "hashes": [
                "sha256:2455e59e3947d3c275477df7f5205b30635e266fe6dc300e3d9f9646bfcea147",
                "sha256:59f6475f77bbc37dcf7cd748519c0ec60722e91e63ca114e68821c0c54a46549"
            ],
            "markers": "python_version >= '3.5'",
            "version": "==3.3.0"
        },
        "pillow": {
            "hashes": [
                "sha256:00fdeb23820f30e43bba78eb9abb00b7a937a655de7760b2e09101d63708b64e",
                "sha256:01f948e8220c85eae1aa1a7f8edddcec193918f933fb07aaebe0bfbbcffefbf1",
                "sha256:08abf39948d4b5017a137be58f1a52b7101700431f0777bec3d897c3949f74e6",
                "sha256:099a61618b145ecb50c6f279666bbc398e189b8bc97544ae32b8fcb49ad6b830",
                "sha256:2c1c61546e73de62747e65807d2cc4980c395d4c5600ecb1f47a650c6fa78c79",
                "sha256:2ed9c4f694861642401f27dc3cb99772be67cd190e84845c749dae0a06c3bfae",
                "sha256:338581b30b908e111be578f0297255f6b57a51358cd16fa0e6f664c9a1f88bff",
                "sha256:38c7d48a21cd06fdeee93987147b9b1c55b73b4cfcbf83240568bfbd5adee447",
                "sha256:43fd026f613c8e48a25eba1a92f4d2ad7f3903c95d8c33a11611a7717d2ab654",
                "sha256:4548236844327a718ce3bb182ab32a16fa2050c61e334e959f554cac052fb0df",
                "sha256:5090857876c58885cfa388dc649e5db30aae98a068c26f3fd0ac9d7d9a4d9572",
                "sha256:5bbba34f97a26a93f5e8dec469ca4ddd712451418add43da946dbaed7f7a98d2",
                "sha256:65a28969a025a0eb4594637b6103201dc4ed2a9508bdab56ac33e43e3081c404",
                "sha256:892bb52b70bd5ea9dbbc3ac44f38e84f5a04e9d8b1bff48159d96cb795b81159",
                "sha256:8a9becd5cbd5062f973bcd2e7bc79483af310222de112b6541f8af1f93a3cc42",
                "sha256:972a7aaeb7c4a2795b52eef52ee991ef040b31009f36deca6207a986607b55f3",
                "sha256:97b119c436bfa96a92ac2ca525f7025836d4d4e64b1c9f9eff8dbaf3ff1d86f3",
                "sha256:9ba37698e242223f8053cc158f130aee046a96feacbeab65893dbe94f5530118",
                "sha256:b1b0e1f626a0f079c0d3696db70132fb1f29aa87c66aecb6501a9b8be64ce9f7",
                "sha256:c14c1224fd1a5be2733530d648a316974dbbb3c946913562c6005a76f21ca042",
                "sha256:c79a8546c48ae6465189e54e3245a97ddf21161e33ff7eaa42787353417bb2b6",
                "sha256:ceb76935ac4ebdf6d7bc845482a4450b284c6ccfb281e34da51d510658ab34d8",
                "sha256:e22bffaad04b4d16e1c091baed7f2733fc1ebb91e0c602abf1b6834d17158b1f",
                "sha256:ec883b8e44d877bda6f94a36313a1c6063f8b1997aa091628ae2f34c7f97c8d5",
                "sha256:f1baa54d50ec031d1a9beb89974108f8f2c0706f49798f4777df879df0e1adb6",
                "sha256:f53a5385932cda1e2c862d89460992911a89768c65d176ff8c50cddca4d29bed"
            ],
            "version": "==6.2.0"
        },
        "protobuf": {
            "hashes": [
                "sha256:125713564d8cfed7610e52444c9769b8dcb0b55e25cc7841f2290ee7bc86636f",
                "sha256:1accdb7a47e51503be64d9a57543964ba674edac103215576399d2d0e34eac77",
                "sha256:27003d12d4f68e3cbea9eb67427cab3bfddd47ff90670cb367fcd7a3a89b9657",
                "sha256:3264f3c431a631b0b31e9db2ae8c927b79fc1a7b1b06b31e8e5bcf2af91fe896",
                "sha256:3c5ab0f5c71ca5af27143e60613729e3488bb45f6d3f143dc918a20af8bab0bf",
                "sha256:45dcf8758873e3f69feab075e5f3177270739f146255225474ee0b90429adef6",
                "sha256:56a77d61a91186cc5676d8e11b36a5feb513873e4ae88d2ee5cf530d52bbcd3b",
                "sha256:5984e4947bbcef5bd849d6244aec507d31786f2dd3344139adc1489fb403b300",
                "sha256:6b0441da73796dd00821763bb4119674eaf252776beb50ae3883bed179a60b2a",
                "sha256:6f6677c5ade94d4fe75a912926d6796d5c71a2a90c2aeefe0d6f211d75c74789",
                "sha256:84a825a9418d7196e2acc48f8746cf1ee75877ed2f30433ab92a133f3eaf8fbe",
                "sha256:b842c34fe043ccf78b4a6cf1019d7b80113707d68c88842d061fa2b8fb6ddedc",
                "sha256:ca33d2f09dae149a1dcf942d2d825ebb06343b77b437198c9e2ef115cf5d5bc1",
                "sha256:cc9af00df3fc9302f537a8335668c20be27916b2277e9a5eaed510266e2bb33b",
                "sha256:db83b5c12c0cd30150bb568e6feb2435c49ce4e68fe2d7b903113f0e221e58fe",
                "sha256:f50f3b1c5c1c1334ca7ce9cad5992f098f460ffd6388a3cabad10b66c2006b09",
                "sha256:f99f127909731cafb841c52f9216e447d3e4afb99b17bebfad327a75aee206de"
            ],
            "version": "==3.10.0"
        },
        "six": {
            "hashes": [
                "sha256:1e61c37477a1626458e36f7b1d82aa5c9b094fa4802892072e49de9c60c4c926",
                "sha256:8abb2f1d86890a2dfb989f9a77cfcfd3e47c2a354b01111771326f8aa26e0254"
            ],
            "markers": "python_version >= '2.7' and python_version not in '3.0, 3.1, 3.2, 3.3'",
            "version": "==1.16.0"
        },
        "tensorboard": {
            "hashes": [
                "sha256:4cad2c65f6011e51609b463014c014fd7c6ddd9c1263af1d4f18dd97ed88c2bc",
                "sha256:612b789386aa1b2c4804e1961273b37f8e4dd97613f98bc90ff0402d24627f50"
            ],
            "markers": "python_version >= '2.7' and python_version not in '3.0, 3.1, 3.2, 3.3'",
            "version": "==1.15.0"
        },
        "tensorflow": {
            "hashes": [
                "sha256:02bd09bf06a08044902615281f2fe12148a7b5615b6c14b22ac14fe6020d43bc",
                "sha256:12e24e76c5816ffb0b25c814966fe4c233aed127c49fdb3fc312786e8120efdf",
                "sha256:276f344fce4cea76fef109d56d6bf098a118d97e0cc34ae131bfea554ed95950",
                "sha256:5ae7d1ebff875f2e2ddb07406188ffdaae72b2167f01ed4a237e409435609ec8",
                "sha256:a02f78aa4209d493288e05e3c8ebb585d3a1e7e6efa3e4d6e07afefd8c542357",
                "sha256:a9a2a6d8623ba6021fc1ba5b8a92e98b78a4c726cbae18e722b04ea0c6913f98",
                "sha256:ce24ed398cc3c3f4582e7944456e2d9a97f2a5b1b6bf9f24dd2c8faf6e2b66f3",
                "sha256:e166eb107bc7174f2e353791ddbc93f797024d71bbb3f3626d0ccc333cf8463b",
                "sha256:e1d291034f767a94d6bc1c0ca35d4799652e4b6580fd5d898caae9a149ae7ed0"
            ],
            "version": "==1.15.4"
        },
        "tensorflow-estimator": {
            "hashes": [
                "sha256:8853bfb7c3c96fbdc80b3d66c37a10af6ccbcd235dc87474764270c02a0f86b9"
            ],
            "version": "==1.15.1"
        },
        "termcolor": {
            "hashes": [
                "sha256:1d6d69ce66211143803fbc56652b41d73b4a400a2891d7bf7a1cdf4c02de613b"
            ],
            "version": "==1.1.0"
        },
        "typing-extensions": {
            "hashes": [
                "sha256:49f75d16ff11f1cd258e1b988ccff82a3ca5570217d7ad8c5f48205dd99a677e",
                "sha256:d8226d10bc02a29bcc81df19a26e56a9647f8b0a6d4a83924139f4a8b01f17b7",
                "sha256:f1d25edafde516b146ecd0613dabcc61409817af4766fbbcfb8d1ad4ec441a34"
            ],
            "markers": "python_version < '3.8'",
            "version": "==3.10.0.2"
        },
        "werkzeug": {
            "hashes": [
                "sha256:63d3dc1cf60e7b7e35e97fa9861f7397283b75d765afcaefd993d6046899de8f",
                "sha256:aa2bb6fc8dee8d6c504c0ac1e7f5f7dc5810a9903e793b6f715a9f015bdadb9a"
            ],
            "markers": "python_version >= '3.6'",
            "version": "==2.0.2"
        },
        "wheel": {
            "hashes": [
                "sha256:21014b2bd93c6d0034b6ba5d35e4eb284340e09d63c59aef6fc14b0f346146fd",
                "sha256:e2ef7239991699e3355d54f8e968a21bb940a1dbf34a4d226741e64462516fad"
            ],
            "markers": "python_version >= '3'",
            "version": "==0.37.0"
        },
        "wrapt": {
            "hashes": [
                "sha256:04312fbf51e9dd15261228e6b4bed0c0ed5723ccf986645d2c7308511dccba35",
                "sha256:04a00cef5d1b9e0e8db997816437b436e859106283c4771a40c4de4759344765",
                "sha256:0b2cbe418beeff3aadb3afc39a67d3f5f6a3eb020ceb5f2bcf56bef14b33629a",
                "sha256:19b2c992668c9ca764899bae52987a04041ebc21859d2646db0b27e089c2fd6b",
                "sha256:1b46e4fe0f9efbfaf1ee82fc79f9cb044c69b67b181c58370440d396fe40736e",
                "sha256:21c1710f61aa95b4be83a32b6d6facbb0efdfac22dee65e1caa72a83deed7cda",
                "sha256:2d18618440df6bc072762625e9c843d32a7328347c321b89f8df3a7c4a72ce6c",
                "sha256:2f6fbea8936ba862425664fc689182a8ef50a6d88cd49f3cd073eccd3e78c930",
                "sha256:3658ae9c704906cab5865a00c1aa9e1fd3555074d1a4462fa1742d7fea8260ae",
                "sha256:3816922f0941f1637869a04e25d1e5261dfa55cc6b39c73872cbf192ea562443",
                "sha256:40fd2cebad4010787de4221ec27a650635eed3e49e4bbfa8244fc34836cc2457",
                "sha256:4f3f99bb8eed5d394bbb898c5191ed91ebf21187d52b2c45895733ae2798f373",
                "sha256:5dc6c8cfaf4ff2a4632f8f97d29f555d6951eb0f905d3d47b3fd69bddb653214",
                "sha256:6aa687da5565674c9696fafd2b8d44a04fb697ec2431af21c3def9cbedc4082a",
                "sha256:6b81913fdba96e286f0c6007eb61f0158e64a1941bfc72fee61b34a4f8f9877f",
                "sha256:6c241b4ef0744590ae0ee89305743977e478200cff961bdcc6b3d0530aea3377",
                "sha256:77fef0bfdc612f5f30e43392a9f67dddaf4f48f299421bf25f910d0f47173f3d",
                "sha256:7929ce97be2f7c49f454a6f8e014225e53cc3767fe48cce94b188de2225232ac",
                "sha256:8055f8cc9a80dc1db01f31af6399b83f597ec164f07b7251d2a1bf1c6c025190",
                "sha256:836c73f53a0cefc7ba10c6f4a0d78894cb4876f56035fe500b029e0a1ae0ffe9",
                "sha256:8a184c655bb41295a9b0c28745a1b762c0c86025e43808b7e814f9cedc6c563d",
                "sha256:8a6ba1b00d07f5a90a2d2eb1804a42e2067a6145b7745a8297664a75a8a232ba",
                "sha256:909a80ce028821c7ad01bdcaa588126825931d177cdccd00b3545818d4a195ce",
                "sha256:947a8d9d7829364e11eca88af18394713c8f98571cbc672b12545977d837f054",
                "sha256:95c9fcfc326fdd3e2fd264e808f6474ca7ffd253feb3a505ee5ceb4d78216ef7",
                "sha256:972099fa9cf4e43c255701c78ec5098c2fec4d6ea669a110b3414a158e772b0a",
                "sha256:97f016514ceac524832e7d1bd41cf928b992ebe0324d59736f84ad5f4bbe0632",
                "sha256:9d200716eb4bb1d73f47f3ccc4f98fdf979dcc82d752183828f1be2e332b6874",
                "sha256:9f839c47698052ef5c2c094e21f8a06d0828aebe52d20cdb505faa318c62e886",
                "sha256:aa637733f1d599077522f6a1f0c6c40389aa90a44cba37afcefef26f8e53d28f",
                "sha256:b0eed9b295039a619f64667f27cffbffcfc0559073d562700912ca6266bc8b28",
                "sha256:b1137e6aef3ac267c2af7d3af0266ef3f8dd1e5cde67b8eac9fa3b94e7fa0ada",
                "sha256:b41ce8ee3825634e67883dd4dab336f95d0cc9d223fb7e224dcd36d66af93694",
                "sha256:bc42803987eb46b5fc67ec9a072df15a72ee9db61e3b7dd955d82581bf141f60",
                "sha256:bd705e341baccc3d1ef20e790b1f6383bd4ae92a77ba87a86ece8189fab8793c",
                "sha256:c803526c0d3fa426e06de379b4eb56102234f2dc3c3a24a500d7962a83ca6166",
                "sha256:cb0b12b365b054bee2a53078a67df81781be0686cc3f3ab8bbdd16b2e188570a",
                "sha256:d0ae90fd60c7473e437b0dd48ae323c11f631fe47c243056f9e7505d26e8e2f6",
                "sha256:db0daf2afca9f3b3a76e96ecb5f55ba82615ec584471d7aa27c1bdeb9e3888bb",
                "sha256:e2eb4f38441b56698b4d40d48fd331e4e8a0477264785d08cbced63813d4bd29",
                "sha256:e5a0727ea56de6e9a17693589bcf913d6bf1ec49f12d4671993321f3325fda4f",
                "sha256:ec803c9d6e4ce037201132d903ff8b0dd26c9688be50ce4c77c420c076e78ff7",
                "sha256:f1e2cea943192e24070b65bda862901c02bdf7c6abcd66ef5381ad6511921067",
                "sha256:f4377eda306b488255ea4336662cd9015a902d6dc2ed77a3e4c1e3b42387453a",
                "sha256:fd5320bf61a2e8d3b46d9e183323293c9a695df8f38c98d17c45e1846758f9a9"
            ],
            "markers": "python_version >= '2.7' and python_version not in '3.0, 3.1, 3.2, 3.3, 3.4'",
            "version": "==1.13.1"
        },
        "zipp": {
            "hashes": [
                "sha256:71c644c5369f4a6e07636f0aa966270449561fcea2e3d6747b8d23efaa9d7832",
                "sha256:9fe5ea21568a0a70e50f273397638d39b03353731e6cbbb3fd8502a33fec40bc"
            ],
            "markers": "python_version >= '3.6'",
            "version": "==3.6.0"
        }
    },
    "develop": {
        "astroid": {
            "hashes": [
                "sha256:71ea07f44df9568a75d0f354c49143a4575d90645e9fead6dfb52c26a85ed13a",
                "sha256:840947ebfa8b58f318d42301cf8c0a20fd794a33b61cc4638e28e9e61ba32f42"
            ],
            "markers": "python_version >= '3.5'",
            "version": "==2.3.3"
        },
        "isort": {
            "hashes": [
                "sha256:54da7e92468955c4fceacd0c86bd0ec997b0e1ee80d97f67c35a78b719dccab1",
                "sha256:6e811fcb295968434526407adb8796944f1988c5b65e8139058f2014cbe100fd"
            ],
            "markers": "python_version >= '2.7' and python_version not in '3.0, 3.1, 3.2, 3.3'",
            "version": "==4.3.21"
        },
        "lazy-object-proxy": {
            "hashes": [
                "sha256:0c4b206227a8097f05c4dbdd323c50edf81f15db3b8dc064d08c62d37e1a504d",
                "sha256:194d092e6f246b906e8f70884e620e459fc54db3259e60cf69a4d66c3fda3449",
                "sha256:1be7e4c9f96948003609aa6c974ae59830a6baecc5376c25c92d7d697e684c08",
                "sha256:4677f594e474c91da97f489fea5b7daa17b5517190899cf213697e48d3902f5a",
                "sha256:48dab84ebd4831077b150572aec802f303117c8cc5c871e182447281ebf3ac50",
                "sha256:5541cada25cd173702dbd99f8e22434105456314462326f06dba3e180f203dfd",
                "sha256:59f79fef100b09564bc2df42ea2d8d21a64fdcda64979c0fa3db7bdaabaf6239",
                "sha256:8d859b89baf8ef7f8bc6b00aa20316483d67f0b1cbf422f5b4dc56701c8f2ffb",
                "sha256:9254f4358b9b541e3441b007a0ea0764b9d056afdeafc1a5569eee1cc6c1b9ea",
                "sha256:9651375199045a358eb6741df3e02a651e0330be090b3bc79f6d0de31a80ec3e",
                "sha256:97bb5884f6f1cdce0099f86b907aa41c970c3c672ac8b9c8352789e103cf3156",
                "sha256:9b15f3f4c0f35727d3a0fba4b770b3c4ebbb1fa907dbcc046a1d2799f3edd142",
                "sha256:a2238e9d1bb71a56cd710611a1614d1194dc10a175c1e08d75e1a7bcc250d442",
                "sha256:a6ae12d08c0bf9909ce12385803a543bfe99b95fe01e752536a60af2b7797c62",
                "sha256:ca0a928a3ddbc5725be2dd1cf895ec0a254798915fb3a36af0964a0a4149e3db",
                "sha256:cb2c7c57005a6804ab66f106ceb8482da55f5314b7fcb06551db1edae4ad1531",
                "sha256:d74bb8693bf9cf75ac3b47a54d716bbb1a92648d5f781fc799347cfc95952383",
                "sha256:d945239a5639b3ff35b70a88c5f2f491913eb94871780ebfabb2568bd58afc5a",
                "sha256:eba7011090323c1dadf18b3b689845fd96a61ba0a1dfbd7f24b921398affc357",
                "sha256:efa1909120ce98bbb3777e8b6f92237f5d5c8ea6758efea36a473e1d38f7d3e4",
                "sha256:f3900e8a5de27447acbf900b4750b0ddfd7ec1ea7fbaf11dfa911141bc522af0"
            ],
            "markers": "python_version >= '2.7' and python_version not in '3.0, 3.1, 3.2, 3.3'",
            "version": "==1.4.3"
        },
        "mccabe": {
            "hashes": [
                "sha256:ab8a6258860da4b6677da4bd2fe5dc2c659cff31b3ee4f7f5d64e79735b80d42",
                "sha256:dd8d182285a0fe56bace7f45b5e7d1a6ebcbf524e8f3bd87eb0f125271b8831f"
            ],
            "version": "==0.6.1"
        },
        "pylint": {
            "hashes": [
                "sha256:7edbae11476c2182708063ac387a8f97c760d9cfe36a5ede0ca996f90cf346c8",
                "sha256:844ce067788028c1a35086a5c66bc5e599ddd851841c41d6ee1623b36774d9f2"
            ],
            "version": "==2.4.2"
        },
        "six": {
            "hashes": [
                "sha256:1e61c37477a1626458e36f7b1d82aa5c9b094fa4802892072e49de9c60c4c926",
                "sha256:8abb2f1d86890a2dfb989f9a77cfcfd3e47c2a354b01111771326f8aa26e0254"
            ],
            "markers": "python_version >= '2.7' and python_version not in '3.0, 3.1, 3.2, 3.3'",
            "version": "==1.16.0"
        },
        "typed-ast": {
            "hashes": [
                "sha256:01ae5f73431d21eead5015997ab41afa53aa1fbe252f9da060be5dad2c730ace",
                "sha256:067a74454df670dcaa4e59349a2e5c81e567d8d65458d480a5b3dfecec08c5ff",
                "sha256:0fb71b8c643187d7492c1f8352f2c15b4c4af3f6338f21681d3681b3dc31a266",
                "sha256:1b3ead4a96c9101bef08f9f7d1217c096f31667617b58de957f690c92378b528",
                "sha256:2068531575a125b87a41802130fa7e29f26c09a2833fea68d9a40cf33902eba6",
                "sha256:209596a4ec71d990d71d5e0d312ac935d86930e6eecff6ccc7007fe54d703808",
                "sha256:2c726c276d09fc5c414693a2de063f521052d9ea7c240ce553316f70656c84d4",
                "sha256:398e44cd480f4d2b7ee8d98385ca104e35c81525dd98c519acff1b79bdaac363",
                "sha256:52b1eb8c83f178ab787f3a4283f68258525f8d70f778a2f6dd54d3b5e5fb4341",
                "sha256:5feca99c17af94057417d744607b82dd0a664fd5e4ca98061480fd8b14b18d04",
                "sha256:7538e495704e2ccda9b234b82423a4038f324f3a10c43bc088a1636180f11a41",
                "sha256:760ad187b1041a154f0e4d0f6aae3e40fdb51d6de16e5c99aedadd9246450e9e",
                "sha256:777a26c84bea6cd934422ac2e3b78863a37017618b6e5c08f92ef69853e765d3",
                "sha256:95431a26309a21874005845c21118c83991c63ea800dd44843e42a916aec5899",
                "sha256:9ad2c92ec681e02baf81fdfa056fe0d818645efa9af1f1cd5fd6f1bd2bdfd805",
                "sha256:9c6d1a54552b5330bc657b7ef0eae25d00ba7ffe85d9ea8ae6540d2197a3788c",
                "sha256:aee0c1256be6c07bd3e1263ff920c325b59849dc95392a05f258bb9b259cf39c",
                "sha256:af3d4a73793725138d6b334d9d247ce7e5f084d96284ed23f22ee626a7b88e39",
                "sha256:b36b4f3920103a25e1d5d024d155c504080959582b928e91cb608a65c3a49e1a",
                "sha256:b9574c6f03f685070d859e75c7f9eeca02d6933273b5e69572e5ff9d5e3931c3",
                "sha256:bff6ad71c81b3bba8fa35f0f1921fb24ff4476235a6e94a26ada2e54370e6da7",
                "sha256:c190f0899e9f9f8b6b7863debfb739abcb21a5c054f911ca3596d12b8a4c4c7f",
                "sha256:c907f561b1e83e93fad565bac5ba9c22d96a54e7ea0267c708bffe863cbe4075",
                "sha256:cae53c389825d3b46fb37538441f75d6aecc4174f615d048321b716df2757fb0",
                "sha256:dd4a21253f42b8d2b48410cb31fe501d32f8b9fbeb1f55063ad102fe9c425e40",
                "sha256:dde816ca9dac1d9c01dd504ea5967821606f02e510438120091b84e852367428",
                "sha256:f2362f3cb0f3172c42938946dbc5b7843c2a28aec307c49100c8b38764eb6927",
                "sha256:f328adcfebed9f11301eaedfa48e15bdece9b519fb27e6a8c01aa52a17ec31b3",
                "sha256:f8afcf15cc511ada719a88e013cec87c11aff7b91f019295eb4530f96fe5ef2f",
                "sha256:fb1bbeac803adea29cedd70781399c99138358c26d05fcbd23c13016b7f5ec65"
            ],
            "markers": "python_version < '3.8' and implementation_name == 'cpython'",
            "version": "==1.4.3"
        },
        "wrapt": {
            "hashes": [
                "sha256:04312fbf51e9dd15261228e6b4bed0c0ed5723ccf986645d2c7308511dccba35",
                "sha256:04a00cef5d1b9e0e8db997816437b436e859106283c4771a40c4de4759344765",
                "sha256:0b2cbe418beeff3aadb3afc39a67d3f5f6a3eb020ceb5f2bcf56bef14b33629a",
                "sha256:19b2c992668c9ca764899bae52987a04041ebc21859d2646db0b27e089c2fd6b",
                "sha256:1b46e4fe0f9efbfaf1ee82fc79f9cb044c69b67b181c58370440d396fe40736e",
                "sha256:21c1710f61aa95b4be83a32b6d6facbb0efdfac22dee65e1caa72a83deed7cda",
                "sha256:2d18618440df6bc072762625e9c843d32a7328347c321b89f8df3a7c4a72ce6c",
                "sha256:2f6fbea8936ba862425664fc689182a8ef50a6d88cd49f3cd073eccd3e78c930",
                "sha256:3658ae9c704906cab5865a00c1aa9e1fd3555074d1a4462fa1742d7fea8260ae",
                "sha256:3816922f0941f1637869a04e25d1e5261dfa55cc6b39c73872cbf192ea562443",
                "sha256:40fd2cebad4010787de4221ec27a650635eed3e49e4bbfa8244fc34836cc2457",
                "sha256:4f3f99bb8eed5d394bbb898c5191ed91ebf21187d52b2c45895733ae2798f373",
                "sha256:5dc6c8cfaf4ff2a4632f8f97d29f555d6951eb0f905d3d47b3fd69bddb653214",
                "sha256:6aa687da5565674c9696fafd2b8d44a04fb697ec2431af21c3def9cbedc4082a",
                "sha256:6b81913fdba96e286f0c6007eb61f0158e64a1941bfc72fee61b34a4f8f9877f",
                "sha256:6c241b4ef0744590ae0ee89305743977e478200cff961bdcc6b3d0530aea3377",
                "sha256:77fef0bfdc612f5f30e43392a9f67dddaf4f48f299421bf25f910d0f47173f3d",
                "sha256:7929ce97be2f7c49f454a6f8e014225e53cc3767fe48cce94b188de2225232ac",
                "sha256:8055f8cc9a80dc1db01f31af6399b83f597ec164f07b7251d2a1bf1c6c025190",
                "sha256:836c73f53a0cefc7ba10c6f4a0d78894cb4876f56035fe500b029e0a1ae0ffe9",
                "sha256:8a184c655bb41295a9b0c28745a1b762c0c86025e43808b7e814f9cedc6c563d",
                "sha256:8a6ba1b00d07f5a90a2d2eb1804a42e2067a6145b7745a8297664a75a8a232ba",
                "sha256:909a80ce028821c7ad01bdcaa588126825931d177cdccd00b3545818d4a195ce",
                "sha256:947a8d9d7829364e11eca88af18394713c8f98571cbc672b12545977d837f054",
                "sha256:95c9fcfc326fdd3e2fd264e808f6474ca7ffd253feb3a505ee5ceb4d78216ef7",
                "sha256:972099fa9cf4e43c255701c78ec5098c2fec4d6ea669a110b3414a158e772b0a",
                "sha256:97f016514ceac524832e7d1bd41cf928b992ebe0324d59736f84ad5f4bbe0632",
                "sha256:9d200716eb4bb1d73f47f3ccc4f98fdf979dcc82d752183828f1be2e332b6874",
                "sha256:9f839c47698052ef5c2c094e21f8a06d0828aebe52d20cdb505faa318c62e886",
                "sha256:aa637733f1d599077522f6a1f0c6c40389aa90a44cba37afcefef26f8e53d28f",
                "sha256:b0eed9b295039a619f64667f27cffbffcfc0559073d562700912ca6266bc8b28",
                "sha256:b1137e6aef3ac267c2af7d3af0266ef3f8dd1e5cde67b8eac9fa3b94e7fa0ada",
                "sha256:b41ce8ee3825634e67883dd4dab336f95d0cc9d223fb7e224dcd36d66af93694",
                "sha256:bc42803987eb46b5fc67ec9a072df15a72ee9db61e3b7dd955d82581bf141f60",
                "sha256:bd705e341baccc3d1ef20e790b1f6383bd4ae92a77ba87a86ece8189fab8793c",
                "sha256:c803526c0d3fa426e06de379b4eb56102234f2dc3c3a24a500d7962a83ca6166",
                "sha256:cb0b12b365b054bee2a53078a67df81781be0686cc3f3ab8bbdd16b2e188570a",
                "sha256:d0ae90fd60c7473e437b0dd48ae323c11f631fe47c243056f9e7505d26e8e2f6",
                "sha256:db0daf2afca9f3b3a76e96ecb5f55ba82615ec584471d7aa27c1bdeb9e3888bb",
                "sha256:e2eb4f38441b56698b4d40d48fd331e4e8a0477264785d08cbced63813d4bd29",
                "sha256:e5a0727ea56de6e9a17693589bcf913d6bf1ec49f12d4671993321f3325fda4f",
                "sha256:ec803c9d6e4ce037201132d903ff8b0dd26c9688be50ce4c77c420c076e78ff7",
                "sha256:f1e2cea943192e24070b65bda862901c02bdf7c6abcd66ef5381ad6511921067",
                "sha256:f4377eda306b488255ea4336662cd9015a902d6dc2ed77a3e4c1e3b42387453a",
                "sha256:fd5320bf61a2e8d3b46d9e183323293c9a695df8f38c98d17c45e1846758f9a9"
            ],
            "markers": "python_version >= '2.7' and python_version not in '3.0, 3.1, 3.2, 3.3, 3.4'",
            "version": "==1.13.1"
        }
    }
}
